
Microsoft Visual Studio Solution File, Format Version 12.00
# Visual Studio 15
VisualStudioVersion = 15.0.28010.2026
MinimumVisualStudioVersion = 10.0.40219.1
Project("{FAE04EC0-301F-11D3-BF4B-00C04F79EFBC}") = "Project 4-Course Capston--Tang", "Project 4-Course Capston--Tang\Project 4-Course Capston--Tang.csproj", "{FEC59382-3473-4E6F-8D68-3D6660873671}"
EndProject
Global
	GlobalSection(SolutionConfigurationPlatforms) = preSolution
		Debug|Any CPU = Debug|Any CPU
		Release|Any CPU = Release|Any CPU
	EndGlobalSection
	GlobalSection(ProjectConfigurationPlatforms) = postSolution
		{FEC59382-3473-4E6F-8D68-3D6660873671}.Debug|Any CPU.ActiveCfg = Debug|Any CPU
		{FEC59382-3473-4E6F-8D68-3D6660873671}.Debug|Any CPU.Build.0 = Debug|Any CPU
		{FEC59382-3473-4E6F-8D68-3D6660873671}.Release|Any CPU.ActiveCfg = Release|Any CPU
		{FEC59382-3473-4E6F-8D68-3D6660873671}.Release|Any CPU.Build.0 = Release|Any CPU
	EndGlobalSection
	GlobalSection(SolutionProperties) = preSolution
		HideSolutionNode = FALSE
	EndGlobalSection
	GlobalSection(ExtensibilityGlobals) = postSolution
		SolutionGuid = {EC9E8E1E-805C-4256-A82A-4FBB3B7245F4}
	EndGlobalSection
EndGlobal
